
Microsoft Visual Studio Solution File, Format Version 12.00
Project("{FAE04EC0-301F-11D3-BF4B-00C04F79EFBC}") = "CarRent", "CarRent\CarRent.csproj", "{1BB3E6E6-3001-4ABA-9944-C1F54CDEC92F}"
EndProject
Project("{FAE04EC0-301F-11D3-BF4B-00C04F79EFBC}") = "CarRent.Common", "CarRent.Common\CarRent.Common.csproj", "{B8D142ED-C298-45A1-8289-A797635C66EF}"
EndProject
Project("{FAE04EC0-301F-11D3-BF4B-00C04F79EFBC}") = "CarRent.DAL", "CarRent.DAL\CarRent.DAL.csproj", "{2DE60918-191E-4840-BA49-CC0C8A775BD5}"
EndProject
Project("{FAE04EC0-301F-11D3-BF4B-00C04F79EFBC}") = "CarRent.Repository", "CarRent.Repository\CarRent.Repository.csproj", "{63548563-C03F-4C73-B5EF-5904834FDAA0}"
EndProject
Project("{FAE04EC0-301F-11D3-BF4B-00C04F79EFBC}") = "CarRent.Service", "CarRent.Service\CarRent.Service.csproj", "{42924D76-413D-47C2-B350-1FCFDE6E285D}"
EndProject
Global
	GlobalSection(SolutionConfigurationPlatforms) = preSolution
		Debug|Any CPU = Debug|Any CPU
		Release|Any CPU = Release|Any CPU
	EndGlobalSection
	GlobalSection(ProjectConfigurationPlatforms) = postSolution
		{1BB3E6E6-3001-4ABA-9944-C1F54CDEC92F}.Debug|Any CPU.ActiveCfg = Debug|Any CPU
		{1BB3E6E6-3001-4ABA-9944-C1F54CDEC92F}.Debug|Any CPU.Build.0 = Debug|Any CPU
		{1BB3E6E6-3001-4ABA-9944-C1F54CDEC92F}.Release|Any CPU.ActiveCfg = Release|Any CPU
		{1BB3E6E6-3001-4ABA-9944-C1F54CDEC92F}.Release|Any CPU.Build.0 = Release|Any CPU
		{B8D142ED-C298-45A1-8289-A797635C66EF}.Debug|Any CPU.ActiveCfg = Debug|Any CPU
		{B8D142ED-C298-45A1-8289-A797635C66EF}.Debug|Any CPU.Build.0 = Debug|Any CPU
		{B8D142ED-C298-45A1-8289-A797635C66EF}.Release|Any CPU.ActiveCfg = Release|Any CPU
		{B8D142ED-C298-45A1-8289-A797635C66EF}.Release|Any CPU.Build.0 = Release|Any CPU
		{2DE60918-191E-4840-BA49-CC0C8A775BD5}.Debug|Any CPU.ActiveCfg = Debug|Any CPU
		{2DE60918-191E-4840-BA49-CC0C8A775BD5}.Debug|Any CPU.Build.0 = Debug|Any CPU
		{2DE60918-191E-4840-BA49-CC0C8A775BD5}.Release|Any CPU.ActiveCfg = Release|Any CPU
		{2DE60918-191E-4840-BA49-CC0C8A775BD5}.Release|Any CPU.Build.0 = Release|Any CPU
		{63548563-C03F-4C73-B5EF-5904834FDAA0}.Debug|Any CPU.ActiveCfg = Debug|Any CPU
		{63548563-C03F-4C73-B5EF-5904834FDAA0}.Debug|Any CPU.Build.0 = Debug|Any CPU
		{63548563-C03F-4C73-B5EF-5904834FDAA0}.Release|Any CPU.ActiveCfg = Release|Any CPU
		{63548563-C03F-4C73-B5EF-5904834FDAA0}.Release|Any CPU.Build.0 = Release|Any CPU
		{42924D76-413D-47C2-B350-1FCFDE6E285D}.Debug|Any CPU.ActiveCfg = Debug|Any CPU
		{42924D76-413D-47C2-B350-1FCFDE6E285D}.Debug|Any CPU.Build.0 = Debug|Any CPU
		{42924D76-413D-47C2-B350-1FCFDE6E285D}.Release|Any CPU.ActiveCfg = Release|Any CPU
		{42924D76-413D-47C2-B350-1FCFDE6E285D}.Release|Any CPU.Build.0 = Release|Any CPU
	EndGlobalSection
EndGlobal
